
Microsoft Visual Studio Solution File, Format Version 12.00
# Visual Studio 15
VisualStudioVersion = 15.0.28307.329
MinimumVisualStudioVersion = 10.0.40219.1
Project("{FAE04EC0-301F-11D3-BF4B-00C04F79EFBC}") = "KociembaSolver", "KociembaSolver\KociembaSolver.csproj", "{CB98E6C5-06F2-4582-AAE2-062C7DAABCAD}"
EndProject
Project("{FAE04EC0-301F-11D3-BF4B-00C04F79EFBC}") = "TwoPhaseSolver", "TwoPhaseSolver-master\TwoPhaseSolver\TwoPhaseSolver.csproj", "{C0259681-7E14-4939-B525-310B3536D8CF}"
EndProject
Global
	GlobalSection(SolutionConfigurationPlatforms) = preSolution
		Debug|Any CPU = Debug|Any CPU
		Release|Any CPU = Release|Any CPU
	EndGlobalSection
	GlobalSection(ProjectConfigurationPlatforms) = postSolution
		{CB98E6C5-06F2-4582-AAE2-062C7DAABCAD}.Debug|Any CPU.ActiveCfg = Debug|Any CPU
		{CB98E6C5-06F2-4582-AAE2-062C7DAABCAD}.Debug|Any CPU.Build.0 = Debug|Any CPU
		{CB98E6C5-06F2-4582-AAE2-062C7DAABCAD}.Release|Any CPU.ActiveCfg = Release|Any CPU
		{CB98E6C5-06F2-4582-AAE2-062C7DAABCAD}.Release|Any CPU.Build.0 = Release|Any CPU
		{C0259681-7E14-4939-B525-310B3536D8CF}.Debug|Any CPU.ActiveCfg = Debug|Any CPU
		{C0259681-7E14-4939-B525-310B3536D8CF}.Debug|Any CPU.Build.0 = Debug|Any CPU
		{C0259681-7E14-4939-B525-310B3536D8CF}.Release|Any CPU.ActiveCfg = Release|Any CPU
		{C0259681-7E14-4939-B525-310B3536D8CF}.Release|Any CPU.Build.0 = Release|Any CPU
	EndGlobalSection
	GlobalSection(SolutionProperties) = preSolution
		HideSolutionNode = FALSE
	EndGlobalSection
	GlobalSection(ExtensibilityGlobals) = postSolution
		SolutionGuid = {F42D5990-43E8-4174-A0D1-80F70E4D7057}
	EndGlobalSection
EndGlobal
